<?xml version="1.0" encoding="utf-8"?>
<Project ToolsVersion="4.0" xmlns="http://schemas.microsoft.com/developer/msbuild/2003">
  <ItemGroup>
    <ClCompile Include="src\ofApp.cpp">
      <Filter>src</Filter>
    </ClCompile>
    <ClCompile Include="src\main.cpp">
      <Filter>src</Filter>
    </ClCompile>
    <ClCompile Include="..\..\..\addons\ofxGui\src\ofxBaseGui.cpp">
      <Filter>addons\ofxGui\src</Filter>
    </ClCompile>
    <ClCompile Include="..\..\..\addons\ofxGui\src\ofxButton.cpp">
      <Filter>addons\ofxGui\src</Filter>
    </ClCompile>
    <ClCompile Include="..\..\..\addons\ofxGui\src\ofxColorPicker.cpp">
      <Filter>addons\ofxGui\src</Filter>
    </ClCompile>
    <ClCompile Include="..\..\..\addons\ofxGui\src\ofxGuiGroup.cpp">
      <Filter>addons\ofxGui\src</Filter>
    </ClCompile>
    <ClCompile Include="..\..\..\addons\ofxGui\src\ofxInputField.cpp">
      <Filter>addons\ofxGui\src</Filter>
    </ClCompile>
    <ClCompile Include="..\..\..\addons\ofxGui\src\ofxLabel.cpp">
      <Filter>addons\ofxGui\src</Filter>
    </ClCompile>
    <ClCompile Include="..\..\..\addons\ofxGui\src\ofxPanel.cpp">
      <Filter>addons\ofxGui\src</Filter>
    </ClCompile>
    <ClCompile Include="..\..\..\addons\ofxGui\src\ofxSlider.cpp">
      <Filter>addons\ofxGui\src</Filter>
    </ClCompile>
    <ClCompile Include="..\..\..\addons\ofxGui\src\ofxSliderGroup.cpp">
      <Filter>addons\ofxGui\src</Filter>
    </ClCompile>
    <ClCompile Include="..\..\..\addons\ofxGui\src\ofxToggle.cpp">
      <Filter>addons\ofxGui\src</Filter>
    </ClCompile>
    <ClCompile Include="..\..\..\addons\ofxVectorGraphics\src\ofxVectorGraphics.cpp">
      <Filter>addons\ofxVectorGraphics\src</Filter>
    </ClCompile>
    <ClCompile Include="..\..\..\addons\ofxVectorGraphics\libs\CreEPS.cpp">
      <Filter>addons\ofxVectorGraphics\libs</Filter>
    </ClCompile>
    <ClCompile Include="src\GameObject\GameObject.cpp">
      <Filter>src\GameObject</Filter>
    </ClCompile>
    <ClCompile Include="src\Movement\Movement.cpp">
      <Filter>src\Movement</Filter>
    </ClCompile>
    <ClCompile Include="src\Physics\Kinematic.cpp">
      <Filter>src\Physics</Filter>
    </ClCompile>
    <ClCompile Include="src\Renderer\BoidRenderer.cpp">
      <Filter>src\Renderer</Filter>
    </ClCompile>
    <ClCompile Include="src\Renderer\TargetRenderer.cpp">
      <Filter>src\Renderer</Filter>
    </ClCompile>
    <ClCompile Include="src\Movement\Arrive.cpp">
      <Filter>src\Movement</Filter>
    </ClCompile>
    <ClCompile Include="src\Movement\Wander.cpp">
      <Filter>src\Movement</Filter>
    </ClCompile>
    <ClCompile Include="src\Movement\Align.cpp">
      <Filter>src\Movement</Filter>
    </ClCompile>
    <ClCompile Include="src\Movement\Seek.cpp">
      <Filter>src\Movement</Filter>
    </ClCompile>
    <ClCompile Include="src\Movement\Face.cpp">
      <Filter>src\Movement</Filter>
    </ClCompile>
    <ClCompile Include="src\Movement\DynamicSeperation.cpp">
      <Filter>src\Movement</Filter>
    </ClCompile>
    <ClCompile Include="src\Movement\DynamicVelocityMatch.cpp">
      <Filter>src\Movement</Filter>
    </ClCompile>
    <ClCompile Include="src\Movement\BlendedSteering.cpp">
      <Filter>src\Movement</Filter>
    </ClCompile>
    <ClCompile Include="src\Graph\Graph.cpp">
      <Filter>src\Graph</Filter>
    </ClCompile>
    <ClCompile Include="src\Graph\EuclidianHeuristics.cpp">
      <Filter>src\Graph</Filter>
    </ClCompile>
    <ClCompile Include="src\PathFinding\A-Star.cpp">
      <Filter>src\Pathfinding</Filter>
    </ClCompile>
    <ClCompile Include="src\PriorityQueue\PriorityQueue.cpp">
      <Filter>src\DataStructures</Filter>
    </ClCompile>
    <ClCompile Include="src\PathFinding\Dijkstra.cpp">
      <Filter>src\Pathfinding</Filter>
    </ClCompile>
    <ClCompile Include="src\Graph\ManhattanHeuristics.cpp">
      <Filter>src\Graph</Filter>
    </ClCompile>
    <ClCompile Include="src\Graph\TileMap.cpp">
      <Filter>src\Graph</Filter>
    </ClCompile>
    <ClCompile Include="src\Graph\Tile.cpp">
      <Filter>src\Graph</Filter>
    </ClCompile>
    <ClCompile Include="src\DecisionMaking\ActionManager.cpp">
      <Filter>src\DecisionMaking</Filter>
    </ClCompile>
    <ClCompile Include="src\DecisionMaking\DecisionTree.cpp">
      <Filter>src\DecisionMaking</Filter>
    </ClCompile>
    <ClCompile Include="src\AI\AIController.cpp">
      <Filter>src\AI</Filter>
    </ClCompile>
    <ClCompile Include="src\WorldData\WorldManager.cpp">
      <Filter>src\WorldData</Filter>
    </ClCompile>
    <ClCompile Include="src\DecisionMaking\ActionNode.cpp">
      <Filter>src\DecisionMaking\ActionNodes</Filter>
    </ClCompile>
    <ClCompile Include="src\DecisionMaking\Chase.cpp">
      <Filter>src\DecisionMaking\ActionNodes</Filter>
    </ClCompile>
    <ClCompile Include="src\DecisionMaking\DecisionNode.cpp">
      <Filter>src\DecisionMaking\DecisionNodes</Filter>
    </ClCompile>
    <ClCompile Include="src\DecisionMaking\WanderAction.cpp">
      <Filter>src\DecisionMaking\ActionNodes</Filter>
    </ClCompile>
    <ClCompile Include="src\DecisionMaking\DistanceFromPlayer.cpp">
      <Filter>src\DecisionMaking\DecisionNodes</Filter>
    </ClCompile>
    <ClCompile Include="src\DecisionMaking\Tick.cpp">
      <Filter>src\DecisionMaking\BehaviorTree</Filter>
    </ClCompile>
    <ClCompile Include="src\DecisionMaking\Blackboard.cpp">
      <Filter>src\DecisionMaking\BehaviorTree</Filter>
    </ClCompile>
    <ClCompile Include="src\DecisionMaking\BehaviorTree.cpp">
      <Filter>src\DecisionMaking\BehaviorTree</Filter>
    </ClCompile>
    <ClCompile Include="src\DecisionMaking\Action.cpp">
      <Filter>src\DecisionMaking\ActionNodes</Filter>
    </ClCompile>
    <ClCompile Include="src\DecisionMaking\WanderTask.cpp">
      <Filter>src\DecisionMaking\BehaviorTree\Tasks</Filter>
    </ClCompile>
    <ClCompile Include="src\DecisionMaking\Patrol.cpp">
      <Filter>src\DecisionMaking\BehaviorTree\Tasks</Filter>
    </ClCompile>
    <ClCompile Include="src\DecisionMaking\PatrolAction.cpp">
      <Filter>src\DecisionMaking\ActionNodes</Filter>
    </ClCompile>
  </ItemGroup>
  <ItemGroup>
    <Filter Include="src">
      <UniqueIdentifier>{d8376475-7454-4a24-b08a-aac121d3ad6f}</UniqueIdentifier>
    </Filter>
    <Filter Include="addons">
      <UniqueIdentifier>{71834F65-F3A9-211E-73B8-DC85}</UniqueIdentifier>
    </Filter>
    <Filter Include="addons\ofxGui">
      <UniqueIdentifier>{4F2A59AF-5F4E-704B-D067-EC13}</UniqueIdentifier>
    </Filter>
    <Filter Include="addons\ofxGui\src">
      <UniqueIdentifier>{645E9533-4DCD-6179-1CDF-CB65}</UniqueIdentifier>
    </Filter>
    <Filter Include="addons\ofxVectorGraphics">
      <UniqueIdentifier>{5A7F3658-B06B-DB97-F4E1-DD19}</UniqueIdentifier>
    </Filter>
    <Filter Include="addons\ofxVectorGraphics\src">
      <UniqueIdentifier>{F615F000-D48C-B1D6-F1C2-6EDD}</UniqueIdentifier>
    </Filter>
    <Filter Include="addons\ofxVectorGraphics\libs">
      <UniqueIdentifier>{B341F552-35C4-7EB6-B3C9-9D96}</UniqueIdentifier>
    </Filter>
    <Filter Include="src\GameObject">
      <UniqueIdentifier>{30483d0e-4185-414b-b466-4d6d5f024265}</UniqueIdentifier>
    </Filter>
    <Filter Include="src\Renderer">
      <UniqueIdentifier>{9bae103b-f7df-4005-8d8b-e9c2cc7fc342}</UniqueIdentifier>
    </Filter>
    <Filter Include="src\Movement">
      <UniqueIdentifier>{ae723a7a-8d6a-4c8e-8f24-0000caed6787}</UniqueIdentifier>
    </Filter>
    <Filter Include="src\Physics">
      <UniqueIdentifier>{75dcf4b9-d2f6-48cf-a170-a9ab35ae7ce5}</UniqueIdentifier>
    </Filter>
    <Filter Include="src\Graph">
      <UniqueIdentifier>{dc6b61d5-1587-4a89-a381-64da47ed171a}</UniqueIdentifier>
    </Filter>
    <Filter Include="src\Pathfinding">
      <UniqueIdentifier>{cd0f5de7-e0ec-46ef-a6ed-6dc55a74e87d}</UniqueIdentifier>
    </Filter>
    <Filter Include="src\DataStructures">
      <UniqueIdentifier>{8c95e3ba-28ce-4886-9e26-b8b83b9cb93c}</UniqueIdentifier>
    </Filter>
    <Filter Include="src\DecisionMaking">
      <UniqueIdentifier>{154c6b24-2721-4b81-8184-90cdcd0993c8}</UniqueIdentifier>
    </Filter>
    <Filter Include="src\AI">
      <UniqueIdentifier>{d73f9dcd-ba61-4719-b17a-400af291143b}</UniqueIdentifier>
    </Filter>
    <Filter Include="src\WorldData">
      <UniqueIdentifier>{b2059976-16fa-44b1-9e73-dca1c0bc425a}</UniqueIdentifier>
    </Filter>
    <Filter Include="src\DecisionMaking\DecisionNodes">
      <UniqueIdentifier>{e5ee9a72-5602-4560-a1e0-9219981bc8e8}</UniqueIdentifier>
    </Filter>
    <Filter Include="src\DecisionMaking\ActionNodes">
      <UniqueIdentifier>{db4f7edb-5861-4fb0-9608-6ba168755400}</UniqueIdentifier>
    </Filter>
    <Filter Include="src\DecisionMaking\BehaviorTree">
      <UniqueIdentifier>{13118f61-eecb-40b1-9603-7ff9418969fc}</UniqueIdentifier>
    </Filter>
    <Filter Include="src\DecisionMaking\BehaviorTree\Tasks">
      <UniqueIdentifier>{f388bcc9-453c-4533-be2f-01b41aa3fedb}</UniqueIdentifier>
    </Filter>
  </ItemGroup>
  <ItemGroup>
    <ClInclude Include="src\ofApp.h">
      <Filter>src</Filter>
    </ClInclude>
    <ClInclude Include="..\..\..\addons\ofxGui\src\ofxBaseGui.h">
      <Filter>addons\ofxGui\src</Filter>
    </ClInclude>
    <ClInclude Include="..\..\..\addons\ofxGui\src\ofxButton.h">
      <Filter>addons\ofxGui\src</Filter>
    </ClInclude>
    <ClInclude Include="..\..\..\addons\ofxGui\src\ofxColorPicker.h">
      <Filter>addons\ofxGui\src</Filter>
    </ClInclude>
    <ClInclude Include="..\..\..\addons\ofxGui\src\ofxGui.h">
      <Filter>addons\ofxGui\src</Filter>
    </ClInclude>
    <ClInclude Include="..\..\..\addons\ofxGui\src\ofxGuiGroup.h">
      <Filter>addons\ofxGui\src</Filter>
    </ClInclude>
    <ClInclude Include="..\..\..\addons\ofxGui\src\ofxInputField.h">
      <Filter>addons\ofxGui\src</Filter>
    </ClInclude>
    <ClInclude Include="..\..\..\addons\ofxGui\src\ofxLabel.h">
      <Filter>addons\ofxGui\src</Filter>
    </ClInclude>
    <ClInclude Include="..\..\..\addons\ofxGui\src\ofxPanel.h">
      <Filter>addons\ofxGui\src</Filter>
    </ClInclude>
    <ClInclude Include="..\..\..\addons\ofxGui\src\ofxSlider.h">
      <Filter>addons\ofxGui\src</Filter>
    </ClInclude>
    <ClInclude Include="..\..\..\addons\ofxGui\src\ofxSliderGroup.h">
      <Filter>addons\ofxGui\src</Filter>
    </ClInclude>
    <ClInclude Include="..\..\..\addons\ofxGui\src\ofxToggle.h">
      <Filter>addons\ofxGui\src</Filter>
    </ClInclude>
    <ClInclude Include="..\..\..\addons\ofxVectorGraphics\src\ofxVectorGraphics.h">
      <Filter>addons\ofxVectorGraphics\src</Filter>
    </ClInclude>
    <ClInclude Include="..\..\..\addons\ofxVectorGraphics\libs\CreEPS.hpp">
      <Filter>addons\ofxVectorGraphics\libs</Filter>
    </ClInclude>
    <ClInclude Include="..\..\..\addons\ofxVectorGraphics\libs\CreEPS_Types.hpp">
      <Filter>addons\ofxVectorGraphics\libs</Filter>
    </ClInclude>
    <ClInclude Include="src\GameObject\GameObject.h">
      <Filter>src\GameObject</Filter>
    </ClInclude>
    <ClInclude Include="src\Movement\IMovementAlgorithm.h">
      <Filter>src\Movement</Filter>
    </ClInclude>
    <ClInclude Include="src\Movement\Movement.h">
      <Filter>src\Movement</Filter>
    </ClInclude>
    <ClInclude Include="src\Physics\Kinematic.h">
      <Filter>src\Physics</Filter>
    </ClInclude>
    <ClInclude Include="src\Renderer\BoidRenderer.h">
      <Filter>src\Renderer</Filter>
    </ClInclude>
    <ClInclude Include="src\Renderer\IRenderer.h">
      <Filter>src\Renderer</Filter>
    </ClInclude>
    <ClInclude Include="src\Renderer\TargetRenderer.h">
      <Filter>src\Renderer</Filter>
    </ClInclude>
    <ClInclude Include="src\Movement\Arrive.h">
      <Filter>src\Movement</Filter>
    </ClInclude>
    <ClInclude Include="src\GameStructs.h">
      <Filter>src</Filter>
    </ClInclude>
    <ClInclude Include="src\Movement\Wander.h">
      <Filter>src\Movement</Filter>
    </ClInclude>
    <ClInclude Include="src\Movement\Align.h">
      <Filter>src\Movement</Filter>
    </ClInclude>
    <ClInclude Include="src\Movement\Seek.h">
      <Filter>src\Movement</Filter>
    </ClInclude>
    <ClInclude Include="src\Movement\Face.h">
      <Filter>src\Movement</Filter>
    </ClInclude>
    <ClInclude Include="src\Movement\DynamicSeperation.h">
      <Filter>src\Movement</Filter>
    </ClInclude>
    <ClInclude Include="src\Movement\DynamicVelocityMatch.h">
      <Filter>src\Movement</Filter>
    </ClInclude>
    <ClInclude Include="src\Movement\BlendedSteering.h">
      <Filter>src\Movement</Filter>
    </ClInclude>
    <ClInclude Include="src\Graph\Graph.h">
      <Filter>src\Graph</Filter>
    </ClInclude>
    <ClInclude Include="src\Graph\IHeuristics.h">
      <Filter>src\Graph</Filter>
    </ClInclude>
    <ClInclude Include="src\Graph\EuclidianHeuristics.h">
      <Filter>src\Graph</Filter>
    </ClInclude>
    <ClInclude Include="src\PathFinding\A-Star.h">
      <Filter>src\Pathfinding</Filter>
    </ClInclude>
    <ClInclude Include="src\PriorityQueue\PriorityQueue.h">
      <Filter>src\DataStructures</Filter>
    </ClInclude>
    <ClInclude Include="src\PathFinding\Dijkstra.h">
      <Filter>src\Pathfinding</Filter>
    </ClInclude>
    <ClInclude Include="src\Graph\ManhattanHeuristics.h">
      <Filter>src\Graph</Filter>
    </ClInclude>
    <ClInclude Include="src\Graph\TileMap.h">
      <Filter>src\Graph</Filter>
    </ClInclude>
    <ClInclude Include="src\Graph\Tile.h">
      <Filter>src\Graph</Filter>
    </ClInclude>
    <ClInclude Include="src\DecisionMaking\ActionManager.h">
      <Filter>src\DecisionMaking</Filter>
    </ClInclude>
    <ClInclude Include="src\DecisionMaking\IDecisionMakingTechnique.h">
      <Filter>src\DecisionMaking</Filter>
    </ClInclude>
    <ClInclude Include="src\DecisionMaking\DecisionTree.h">
      <Filter>src\DecisionMaking</Filter>
    </ClInclude>
    <ClInclude Include="src\AI\AIController.h">
      <Filter>src\AI</Filter>
    </ClInclude>
    <ClInclude Include="src\WorldData\WorldManager.h">
      <Filter>src\WorldData</Filter>
    </ClInclude>
    <ClInclude Include="src\DecisionMaking\ActionNode.h">
      <Filter>src\DecisionMaking\ActionNodes</Filter>
    </ClInclude>
    <ClInclude Include="src\DecisionMaking\Chase.h">
      <Filter>src\DecisionMaking\ActionNodes</Filter>
    </ClInclude>
    <ClInclude Include="src\DecisionMaking\DecisionNode.h">
      <Filter>src\DecisionMaking\DecisionNodes</Filter>
    </ClInclude>
    <ClInclude Include="src\DecisionMaking\WanderAction.h">
      <Filter>src\DecisionMaking\ActionNodes</Filter>
    </ClInclude>
    <ClInclude Include="src\DecisionMaking\DistanceFromPlayer.h">
      <Filter>src\DecisionMaking\DecisionNodes</Filter>
    </ClInclude>
    <ClInclude Include="src\DecisionMaking\Tick.h">
      <Filter>src\DecisionMaking\BehaviorTree</Filter>
    </ClInclude>
    <ClInclude Include="src\DecisionMaking\Blackboard.h">
      <Filter>src\DecisionMaking\BehaviorTree</Filter>
    </ClInclude>
    <ClInclude Include="src\DecisionMaking\BehaviorTree.h">
      <Filter>src\DecisionMaking\BehaviorTree</Filter>
    </ClInclude>
    <ClInclude Include="src\DecisionMaking\ITask.h">
      <Filter>src\DecisionMaking\BehaviorTree</Filter>
    </ClInclude>
    <ClInclude Include="src\DecisionMaking\Action.h">
      <Filter>src\DecisionMaking\ActionNodes</Filter>
    </ClInclude>
    <ClInclude Include="src\DecisionMaking\IDecisionTreeNode.h">
      <Filter>src\DecisionMaking\DecisionNodes</Filter>
    </ClInclude>
    <ClInclude Include="src\DecisionMaking\WanderTask.h">
      <Filter>src\DecisionMaking\BehaviorTree\Tasks</Filter>
    </ClInclude>
    <ClInclude Include="src\DecisionMaking\Patrol.h">
      <Filter>src\DecisionMaking\BehaviorTree\Tasks</Filter>
    </ClInclude>
    <ClInclude Include="src\DecisionMaking\PatrolAction.h">
      <Filter>src\DecisionMaking\ActionNodes</Filter>
    </ClInclude>
  </ItemGroup>
  <ItemGroup>
    <ResourceCompile Include="icon.rc" />
  </ItemGroup>
</Project>